github.com/cactus/go-camo v0.4.0 h1:HQpx3xbbfV5b1bCBG6FerBl+s7GIn/eVThB0ONsUvs0=
github.com/cactus/go-camo v0.4.0/go.mod h1:p4Crzz5JulZo9RNn5kndlrN/9fQAY5m4PJif4n74b7E=
github.com/cactus/gologit v0.0.0-20160418030801-e808dfaee730 h1:S8j8qlzHwJMm8byiI+nq5q6n0dmjtwLmF61UuYvkBRg=
github.com/cactus/gologit v0.0.0-20160418030801-e808dfaee730/go.mod h1:+KansAV3ZV8N3A6fG8HnRgVQTf12zyCx63o+PawGot4=
github.com/gorilla/mux v1.8.0 h1:i40aqfkR1h2SlN9hojwV5ZA91wcXFOvkdNIeFDP5koI=
github.com/gorilla/mux v1.8.0/go.mod h1:DVbg23sWSpFRCP0SfiEN6jmj59UnW/n46BH5rLB71So=
github.com/jessevdk/go-flags v1.5.0 h1:1jKYvbxEjfUl0fmqTCOfonvskHHXMjBySTLW4y9LFvc=
github.com/jessevdk/go-flags v1.5.0/go.mod h1:Fw0T6WPc1dYxT4mKEZRfG5kJhaTDP9pj1c2EWnYs/m4=
github.com/mreiferson/go-httpclient v0.0.0-20201222173833-5e475fde3a4d h1:tLWCMSjfL8XyZwpu1RzI2UpJSPbZCOZ6DVHQFnlpL7A=
github.com/mreiferson/go-httpclient v0.0.0-20201222173833-5e475fde3a4d/go.mod h1:OQA4XLvDbMgS8P0CevmM4m9Q3Jq4phKUzcocxuGJ5m8=
golang.org/x/sys v0.0.0-20210320140829-1e4c9ba3b0c4 h1:EZ2mChiOa8udjfp6rRmswTbtZN/QzUQp4ptM4rnjHvc=
golang.org/x/sys v0.0.0-20210320140829-1e4c9ba3b0c4/go.mod h1:h1NjWce9XRLGQEsW7wpKNCjG9DtNlClVuFLEZdDNbEs=
